
Microsoft Visual Studio Solution File, Format Version 12.00
# Visual Studio Version 17
VisualStudioVersion = 17.5.33530.505
MinimumVisualStudioVersion = 10.0.40219.1
Project("{9A19103F-16F7-4668-BE54-9A1E7A4F7556}") = "CodeFirst", "CodeFirst\CodeFirst.csproj", "{9FAF001A-7F8E-45A6-B7D3-5551960C08D5}"
EndProject
Project("{FAE04EC0-301F-11D3-BF4B-00C04F79EFBC}") = "DatabaseFirst", "DatabaseFirst\DatabaseFirst.csproj", "{617425C4-6FE1-487F-BDD5-85B09B68B5F0}"
EndProject
Global
	GlobalSection(SolutionConfigurationPlatforms) = preSolution
		Debug|Any CPU = Debug|Any CPU
		Release|Any CPU = Release|Any CPU
	EndGlobalSection
	GlobalSection(ProjectConfigurationPlatforms) = postSolution
		{9FAF001A-7F8E-45A6-B7D3-5551960C08D5}.Debug|Any CPU.ActiveCfg = Debug|Any CPU
		{9FAF001A-7F8E-45A6-B7D3-5551960C08D5}.Debug|Any CPU.Build.0 = Debug|Any CPU
		{9FAF001A-7F8E-45A6-B7D3-5551960C08D5}.Release|Any CPU.ActiveCfg = Release|Any CPU
		{9FAF001A-7F8E-45A6-B7D3-5551960C08D5}.Release|Any CPU.Build.0 = Release|Any CPU
		{617425C4-6FE1-487F-BDD5-85B09B68B5F0}.Debug|Any CPU.ActiveCfg = Debug|Any CPU
		{617425C4-6FE1-487F-BDD5-85B09B68B5F0}.Debug|Any CPU.Build.0 = Debug|Any CPU
		{617425C4-6FE1-487F-BDD5-85B09B68B5F0}.Release|Any CPU.ActiveCfg = Release|Any CPU
		{617425C4-6FE1-487F-BDD5-85B09B68B5F0}.Release|Any CPU.Build.0 = Release|Any CPU
	EndGlobalSection
	GlobalSection(SolutionProperties) = preSolution
		HideSolutionNode = FALSE
	EndGlobalSection
	GlobalSection(ExtensibilityGlobals) = postSolution
		SolutionGuid = {1E468DAC-1ADA-4BCC-A3C9-6052A586F304}
	EndGlobalSection
EndGlobal
